{
  "version": "3",
  "redirects": {
    "https://deno.land/std/path/mod.ts": "https://deno.land/std@0.201.0/path/mod.ts",
    "https://deno.land/x/bb64/mod.ts": "https://deno.land/x/bb64@1.1.0/mod.ts",
    "https://deno.land/x/is_url/mod.ts": "https://deno.land/x/is_url@v1.0.1/mod.ts",
    "https://esm.sh/v135/@types/he@~1.2/index.d.ts": "https://esm.sh/v135/@types/he@1.2.3/index.d.ts",
    "https://esm.sh/v135/@types/katex@~0.16/index.d.ts": "https://esm.sh/v135/@types/katex@0.16.7/index.d.ts",
    "https://esm.sh/v135/@types/prismjs@^1/index.d.ts": "https://esm.sh/v135/@types/prismjs@1.26.4/index.d.ts",
    "https://esm.sh/v135/@types/sanitize-html@^2/index.d.ts": "https://esm.sh/v135/@types/sanitize-html@2.11.0/index.d.ts"
  },
  "remote": {
    "https://deno.land/std@0.201.0/assert/assert.ts": "9a97dad6d98c238938e7540736b826440ad8c1c1e54430ca4c4e623e585607ee",
    "https://deno.land/std@0.201.0/assert/assertion_error.ts": "4d0bde9b374dfbcbe8ac23f54f567b77024fb67dbb1906a852d67fe050d42f56",
    "https://deno.land/std@0.201.0/path/_basename.ts": "057d420c9049821f983f784fd87fa73ac471901fb628920b67972b0f44319343",
    "https://deno.land/std@0.201.0/path/_constants.ts": "e49961f6f4f48039c0dfed3c3f93e963ca3d92791c9d478ac5b43183413136e0",
    "https://deno.land/std@0.201.0/path/_dirname.ts": "355e297236b2218600aee7a5301b937204c62e12da9db4b0b044993d9e658395",
    "https://deno.land/std@0.201.0/path/_extname.ts": "eaaa5aae1acf1f03254d681bd6a8ce42a9cb5b7ff2213a9d4740e8ab31283664",
    "https://deno.land/std@0.201.0/path/_format.ts": "4a99270d6810f082e614309164fad75d6f1a483b68eed97c830a506cc589f8b4",
    "https://deno.land/std@0.201.0/path/_from_file_url.ts": "6eadfae2e6f63ad9ee46b26db4a1b16583055c0392acedfb50ed2fc694b6f581",
    "https://deno.land/std@0.201.0/path/_interface.ts": "6471159dfbbc357e03882c2266d21ef9afdb1e4aa771b0545e90db58a0ba314b",
    "https://deno.land/std@0.201.0/path/_is_absolute.ts": "05dac10b5e93c63198b92e3687baa2be178df5321c527dc555266c0f4f51558c",
    "https://deno.land/std@0.201.0/path/_join.ts": "815f5e85b042285175b1492dd5781240ce126c23bd97bad6b8211fe7129c538e",
    "https://deno.land/std@0.201.0/path/_normalize.ts": "a19ec8706b2707f9dd974662a5cd89fad438e62ab1857e08b314a8eb49a34d81",
    "https://deno.land/std@0.201.0/path/_os.ts": "d932f56d41e4f6a6093d56044e29ce637f8dcc43c5a90af43504a889cf1775e3",
    "https://deno.land/std@0.201.0/path/_parse.ts": "0f9b0ff43682dd9964eb1c4398610c4e165d8db9d3ac9d594220217adf480cfa",
    "https://deno.land/std@0.201.0/path/_relative.ts": "27bdeffb5311a47d85be26d37ad1969979359f7636c5cd9fcf05dcd0d5099dc5",
    "https://deno.land/std@0.201.0/path/_resolve.ts": "7a3616f1093735ed327e758313b79c3c04ea921808ca5f19ddf240cb68d0adf6",
    "https://deno.land/std@0.201.0/path/_to_file_url.ts": "a141e4a525303e1a3a0c0571fd024552b5f3553a2af7d75d1ff3a503dcbb66d8",
    "https://deno.land/std@0.201.0/path/_to_namespaced_path.ts": "0d5f4caa2ed98ef7a8786286df6af804b50e38859ae897b5b5b4c8c5930a75c8",
    "https://deno.land/std@0.201.0/path/_util.ts": "4e191b1bac6b3bf0c31aab42e5ca2e01a86ab5a0d2e08b75acf8585047a86221",
    "https://deno.land/std@0.201.0/path/basename.ts": "bdfa5a624c6a45564dc6758ef2077f2822978a6dbe77b0a3514f7d1f81362930",
    "https://deno.land/std@0.201.0/path/common.ts": "ee7505ab01fd22de3963b64e46cff31f40de34f9f8de1fff6a1bd2fe79380000",
    "https://deno.land/std@0.201.0/path/dirname.ts": "b6533f4ee4174a526dec50c279534df5345836dfdc15318400b08c62a62a39dd",
    "https://deno.land/std@0.201.0/path/extname.ts": "62c4b376300795342fe1e4746c0de518b4dc9c4b0b4617bfee62a2973a9555cf",
    "https://deno.land/std@0.201.0/path/format.ts": "110270b238514dd68455a4c54956215a1aff7e37e22e4427b7771cefe1920aa5",
    "https://deno.land/std@0.201.0/path/from_file_url.ts": "9f5cb58d58be14c775ec2e57fc70029ac8b17ed3bd7fe93e475b07280adde0ac",
    "https://deno.land/std@0.201.0/path/glob.ts": "593e2c3573883225c25c5a21aaa8e9382a696b8e175ea20a3b6a1471ad17aaed",
    "https://deno.land/std@0.201.0/path/is_absolute.ts": "0b92eb35a0a8780e9f16f16bb23655b67dace6a8e0d92d42039e518ee38103c1",
    "https://deno.land/std@0.201.0/path/join.ts": "31c5419f23d91655b08ec7aec403f4e4cd1a63d39e28f6e42642ea207c2734f8",
    "https://deno.land/std@0.201.0/path/mod.ts": "6e1efb0b13121463aedb53ea51dabf5639a3172ab58c89900bbb72b486872532",
    "https://deno.land/std@0.201.0/path/normalize.ts": "6ea523e0040979dd7ae2f1be5bf2083941881a252554c0f32566a18b03021955",
    "https://deno.land/std@0.201.0/path/parse.ts": "be8de342bb9e1924d78dc4d93c45215c152db7bf738ec32475560424b119b394",
    "https://deno.land/std@0.201.0/path/posix.ts": "0a1c1952d132323a88736d03e92bd236f3ed5f9f079e5823fae07c8d978ee61b",
    "https://deno.land/std@0.201.0/path/relative.ts": "8bedac226afd360afc45d451a6c29fabceaf32978526bcb38e0c852661f66c61",
    "https://deno.land/std@0.201.0/path/resolve.ts": "133161e4949fc97f9ca67988d51376b0f5eef8968a6372325ab84d39d30b80dc",
    "https://deno.land/std@0.201.0/path/separator.ts": "40a3e9a4ad10bef23bc2cd6c610291b6c502a06237c2c4cd034a15ca78dedc1f",
    "https://deno.land/std@0.201.0/path/to_file_url.ts": "00e6322373dd51ad109956b775e4e72e5f9fa68ce2c6b04e4af2a6eed3825d31",
    "https://deno.land/std@0.201.0/path/to_namespaced_path.ts": "1b1db3055c343ab389901adfbda34e82b7386bcd1c744d54f9c1496ee0fd0c3d",
    "https://deno.land/std@0.201.0/path/win32.ts": "8b3f80ef7a462511d5e8020ff490edcaa0a0d118f1b1e9da50e2916bdd73f9dd",
    "https://deno.land/x/bb64@1.1.0/mod.ts": "6e059e6c8cb5ff17910adf85751b10c4628f0fa943c2b1647508aa0cb250274f",
    "https://deno.land/x/emoji@0.3.0/all.json": "f0553b660db5e44e71ca46f637a06c2ec94f34445a920fcf319858094a91f46b",
    "https://deno.land/x/emoji@0.3.0/emoji.ts": "ad21fa393b2b96fb5999f58dec18e13628cc5d11aa370c42a2f7cc8e135d43d8",
    "https://deno.land/x/emoji@0.3.0/mod.ts": "9ef5a2fca1a633f29747b6d3254afd19545cef586128a8213a1003ee2808186d",
    "https://deno.land/x/emoji@0.3.0/types.ts": "5897345f500088c719a35388c5b192bc5d93fc2c13e37d94eafa8ff3480edd17",
    "https://deno.land/x/emoji@0.3.0/unicode.ts": "ac8079e8e1da66ae9e601c1fdd0e7641120c2b07ca7bd2875e65fe23e16e6199",
    "https://deno.land/x/gfm@0.6.0/deps.ts": "3fd89fbfbdf79c35e494b0d25f83fc96e76fa6a25abfbddf950142745b9fec79",
    "https://deno.land/x/gfm@0.6.0/mod.ts": "c953d0fc8b9a0a9ab13e29499b3cb1adbe5b36c00225ff4f71d139a2994f7a90",
    "https://deno.land/x/gfm@0.6.0/style.js": "881973a0ed6a18cb73067692b8162411be65053f0e74eaa7dd5bf3bd0fe115d7",
    "https://deno.land/x/imagemagick_deno@0.0.26/mod.ts": "2ed72fb5adaf56ee8b850ddc7da91456700a36ed1b149fa8fd70be5adfa51f24",
    "https://deno.land/x/imagemagick_deno@0.0.26/src/alpha-option.ts": "749a9f3309e491ec09a1d6bc50ce95d9733887d9f57c6863c4ff1c7e9610227b",
    "https://deno.land/x/imagemagick_deno@0.0.26/src/auto-threshold-method.ts": "bb08a00046137e441930e56190b6db10c5fe657cb0a6142cd565a40b1c4250a2",
    "https://deno.land/x/imagemagick_deno@0.0.26/src/byte-array.ts": "bb00cd720dcea06b0d41a500a02e6ad6ace6d4e6fcab06dc943b85bfe0773493",
    "https://deno.land/x/imagemagick_deno@0.0.26/src/channel-statistics.ts": "503871a48800436cbd02baee45f5e55aa7a0d95c3cd36e1111cf36dda946f43c",
    "https://deno.land/x/imagemagick_deno@0.0.26/src/channels.ts": "03e46f10df374d002cc39d10a6bc93c68deb4e1158bef1107234e10a192b05c7",
    "https://deno.land/x/imagemagick_deno@0.0.26/src/chromaticity-info.ts": "192bbfff68cafe77ec5b6439e67f00a96d292e1bd4f482e29f2a32e519121fb1",
    "https://deno.land/x/imagemagick_deno@0.0.26/src/class-type.ts": "11970b07ecdd97798ea9ff45b080e77f6711595cef73c678e0393e21c765de05",
    "https://deno.land/x/imagemagick_deno@0.0.26/src/color-space.ts": "3d9a60f3a8bfefea8d9525572d7bd6214530c69688e8799dceb492b7797d1d0a",
    "https://deno.land/x/imagemagick_deno@0.0.26/src/color-type.ts": "d6a588272044ad171bfd98ea13fb510fce19b8afc4cafdbaadc2a562fbcc380e",
    "https://deno.land/x/imagemagick_deno@0.0.26/src/composite-operator.ts": "f4b5046415c5965d53b17a9e441a42d87e8477b7c158704abd417d6ac10f3ea0",
    "https://deno.land/x/imagemagick_deno@0.0.26/src/compression-method.ts": "5bb7b8884eadcd91e6ad6016d1a644bdb5022020cdc58df1be3d38f742054ae1",
    "https://deno.land/x/imagemagick_deno@0.0.26/src/defines/define.ts": "645fb3a06424ed750250212ac8762ba2ea97c4e4fdbda8aedf21734cbaf4833c",
    "https://deno.land/x/imagemagick_deno@0.0.26/src/defines/defines-creator.ts": "876b7215bb6523cee562bcdf95cdd20cce33dd118db9f61d3d9e6305d5cfa631",
    "https://deno.land/x/imagemagick_deno@0.0.26/src/defines/defines.ts": "fc8e12475e11a30f9f6f9c2b5e2fba94b01d65135654b97694da915d40fae2fe",
    "https://deno.land/x/imagemagick_deno@0.0.26/src/defines/magick-define.ts": "07e9e7fab4ea23f06f584163a99e0007ac1d1f3379ab4a872f1ddd555dd8ddd1",
    "https://deno.land/x/imagemagick_deno@0.0.26/src/density-unit.ts": "4e5a451dde11303aaf99f7f5f9c1409f2d5399e0678a4ab589a33e9757d04491",
    "https://deno.land/x/imagemagick_deno@0.0.26/src/density.ts": "b12b953f53900a2182563963fc08074453fb7bff387c06a7e04a8b26045be91e",
    "https://deno.land/x/imagemagick_deno@0.0.26/src/disposable.ts": "4e30ceedea5c7829153ded68929cc206a303be220a560bb27319b607ee68c4a7",
    "https://deno.land/x/imagemagick_deno@0.0.26/src/distort-method.ts": "13819e00ccb6a636af9ece5d11dfce9451e578d46c94e1f528b0ae5da7721985",
    "https://deno.land/x/imagemagick_deno@0.0.26/src/drawables/drawable-color.ts": "fe3785761844f09a2c8bfda1821580c18706d986b1e7619dd984db6d33f3093a",
    "https://deno.land/x/imagemagick_deno@0.0.26/src/drawables/drawable-fill-color.ts": "566325e1b1eee1e4d74a97c7f0cfbd5cc1c3dbab9a39e8820b3e2555280fe633",
    "https://deno.land/x/imagemagick_deno@0.0.26/src/drawables/drawable-fill-opacity.ts": "a8bfce5d256ed1f296b4e57ae49035dad0baadec57b7ee68731494530b5df816",
    "https://deno.land/x/imagemagick_deno@0.0.26/src/drawables/drawable-font-point-size.ts": "ca4f41670186b13c1195eef74764af1ea00592b9faad5970d7867b3cb47630c3",
    "https://deno.land/x/imagemagick_deno@0.0.26/src/drawables/drawable-font.ts": "6a332ab99030ffe9fffd83704ba3e655649e48f026ef78dfb04d0bb1f99416bf",
    "https://deno.land/x/imagemagick_deno@0.0.26/src/drawables/drawable-gravity.ts": "184729aecc6d700a81eec2b8157b27b77f28c4188eb0f0337446b933e3857dbe",
    "https://deno.land/x/imagemagick_deno@0.0.26/src/drawables/drawable-rectangle.ts": "c6b1bb4b81a7e66e59a9338d45816a8471d951a6583567df68b31d3fde5ae6e0",
    "https://deno.land/x/imagemagick_deno@0.0.26/src/drawables/drawable-round-rectangle.ts": "7cd7e90d6d5902abee81061c7ce5919a50ef340d67d984f1ab5eb15ba22683c8",
    "https://deno.land/x/imagemagick_deno@0.0.26/src/drawables/drawable-text-alignment.ts": "e657d2b012966f653b13890f4cdcb54e2b9d3c28dd78f40205e02ffc4b4942cf",
    "https://deno.land/x/imagemagick_deno@0.0.26/src/drawables/drawable-text-antialias.ts": "f3f3ab526c2b06968b7f16bd9a705f2163ee4c022074fb763ec269218c2f773c",
    "https://deno.land/x/imagemagick_deno@0.0.26/src/drawables/drawable-text-decoration.ts": "d6676422074bde0c86c5a2787822d8475936b56da4c02bd47eb10044d48f29bd",
    "https://deno.land/x/imagemagick_deno@0.0.26/src/drawables/drawable-text-interline-spacing.ts": "8ae3cc5892c605a3ee7ae91d1c41c8f90a7c0d8c7a7e5ec50746047971cd0fda",
    "https://deno.land/x/imagemagick_deno@0.0.26/src/drawables/drawable-text-interword-spacing.ts": "a5b5b5d2081e87552e1b45b2fc734da7885a71a006bd69d8b7f08ed569a37788",
    "https://deno.land/x/imagemagick_deno@0.0.26/src/drawables/drawable-text-kerning.ts": "fb719d6a9ce610a859f43d63eada784510f8e71ace6d57a6ccd43cf504c71103",
    "https://deno.land/x/imagemagick_deno@0.0.26/src/drawables/drawable-text-under-color.ts": "21a7690993e86c22450cda3334092c12ba34dada09817745ea2e685aebb1b1a9",
    "https://deno.land/x/imagemagick_deno@0.0.26/src/drawables/drawable-text.ts": "f13d014b6f8b06e666b701b3860864711d0a0f942c1a30940af939705e72e5ce",
    "https://deno.land/x/imagemagick_deno@0.0.26/src/drawables/drawable.ts": "61b40233ea3c28664c2f8dfd8d794772d8a7a779f4228060efd41b0d44762521",
    "https://deno.land/x/imagemagick_deno@0.0.26/src/drawables/drawing-wand.ts": "fa759f55b7a676deb8c0f9af61a074493eaed86bf527ce0a1b7637229f9dc482",
    "https://deno.land/x/imagemagick_deno@0.0.26/src/endian.ts": "5c36e4c104dd79760a96d1a7e759fbb04907b40d4cbfd30a25d3ef25bf7f63ed",
    "https://deno.land/x/imagemagick_deno@0.0.26/src/error-metric.ts": "fafe44d95312b0e9dd6e5d6d3efd536764468a4b80e3dc3d7d7efc33a40fb871",
    "https://deno.land/x/imagemagick_deno@0.0.26/src/evaluate-operator.ts": "c05d51cb193d95ce0432dee914465cbafc35026ea1102cc48f431571bfb67260",
    "https://deno.land/x/imagemagick_deno@0.0.26/src/filter-type.ts": "face0109ae9e56125b778a8842384031d6e0bd688dfcf96c0861f2fd8bb27225",
    "https://deno.land/x/imagemagick_deno@0.0.26/src/formats/dng/dng-output-color.ts": "13533caccea31a8e6cd960df47c1b608f89a786d51e9c4b3b869ca40eb01c5a8",
    "https://deno.land/x/imagemagick_deno@0.0.26/src/formats/dng/dng-read-defines.ts": "73d3fdc79c0f37ea3b2681f4e159cd927c25cb0801cc43905a4331171062f6c8",
    "https://deno.land/x/imagemagick_deno@0.0.26/src/gif-dispose-method.ts": "841f730e6c282d81296111c32208614adb9c96cd700c76df4eae71140458f9d5",
    "https://deno.land/x/imagemagick_deno@0.0.26/src/gravity.ts": "ed99d33e3775c510c0a29fb330ca5ac9445e41dd3644507186c25cc32eb8634a",
    "https://deno.land/x/imagemagick_deno@0.0.26/src/image-magick.ts": "a86eda53f0d5a9054883b63fe48957d01a385eda57370e3dc080a7cc5f127e70",
    "https://deno.land/x/imagemagick_deno@0.0.26/src/index.ts": "659f1e0c9efa82d49f8bc53d610968e065bec4223538d92e9c55c5e4157dbd96",
    "https://deno.land/x/imagemagick_deno@0.0.26/src/interlace.ts": "7b75a93d79311bcb5fe6d749f91d2bf122f2443a771dff721c11756e823dc445",
    "https://deno.land/x/imagemagick_deno@0.0.26/src/internal/disposable-array.ts": "048f80ffee94ccb37437961e7bcaa57ee0b0bd95a64423257010a8eeb18e9fae",
    "https://deno.land/x/imagemagick_deno@0.0.26/src/internal/disposable.ts": "4c492c40df42590cd3400f415054ea942311918b8f4cdd90a8e00fcadd9a76d8",
    "https://deno.land/x/imagemagick_deno@0.0.26/src/internal/exception/exception.ts": "2c1e1d5f6df4fcaef50403ed18f5ebdf560a5e764944d569db406e97f76f2aae",
    "https://deno.land/x/imagemagick_deno@0.0.26/src/internal/geometry-flags.ts": "56bbc3f668db2e67f607cd1c08e07f51ded80a8c402efb0b6cd4ad98d0f69d19",
    "https://deno.land/x/imagemagick_deno@0.0.26/src/internal/magick-rectangle.ts": "ffffcd9ebffe20f871396af22c9f5acb332b5d503a5b21200a94e1e61e4e68b3",
    "https://deno.land/x/imagemagick_deno@0.0.26/src/internal/native/array.ts": "99fa112bde643aceda481db90be21d6264c23074cf77ad4a7fee41208ba75dcd",
    "https://deno.land/x/imagemagick_deno@0.0.26/src/internal/native/string.ts": "a8edad35a243f76ef98cf387580bbf771790d1b1d8299d77ea1731aa75c2c158",
    "https://deno.land/x/imagemagick_deno@0.0.26/src/internal/pointer/pointer.ts": "821ad62e6664c9e7dbe8c9d1d1f79ff4d3a76b6cf64d1a2ed943f03516fb2e8a",
    "https://deno.land/x/imagemagick_deno@0.0.26/src/internal/string-info.ts": "6121081f0382fdfe259bb6c95655b1626cc68af778ad91af437daa8c55965575",
    "https://deno.land/x/imagemagick_deno@0.0.26/src/kernel.ts": "57b8eead1ed75b953332d6d101c776f50f17d60f70c79c93768e664cd5bbc4a7",
    "https://deno.land/x/imagemagick_deno@0.0.26/src/log-event-types.ts": "91dba33b2a47dff56489d76791002a453c8387ccd2bdfba58a845f1f61fb22da",
    "https://deno.land/x/imagemagick_deno@0.0.26/src/log-event.ts": "e365ae40d58d7c1e2d7611aa4e63d0478fb80b4ac233a844235ab3cc42a92ddc",
    "https://deno.land/x/imagemagick_deno@0.0.26/src/magick-color.ts": "6e849e94f3183d86f44d55f4646af394d0d3573fbce8b26b6d6bfbda03dcaf5c",
    "https://deno.land/x/imagemagick_deno@0.0.26/src/magick-colors.ts": "c3a4cdbbca0ebce9386ae71f835118847d8770573efcb63a35c54242aa156f90",
    "https://deno.land/x/imagemagick_deno@0.0.26/src/magick-error-severity.ts": "160e5f07bad67542c9c95a8ec61e70f294333bf7f3c463419dc4fadfacdbdbf6",
    "https://deno.land/x/imagemagick_deno@0.0.26/src/magick-error.ts": "5a515e203373ef48903bda51635e04f232bf3144eaee48c66d65df1e705346d4",
    "https://deno.land/x/imagemagick_deno@0.0.26/src/magick-format-info.ts": "8c3ae6ca748d18ae69e33756d2cf64219971350a856407861a0bf7bc119909a6",
    "https://deno.land/x/imagemagick_deno@0.0.26/src/magick-format.ts": "4d7d5ad6ba825c17a75f964ba5d4ca142b9642e66ddf9adb9a0e71bf93ff89d9",
    "https://deno.land/x/imagemagick_deno@0.0.26/src/magick-geometry.ts": "2ce766f7d4338484fed3fd9b25d4ec1ccd77f89d299db8391e048f77708f8245",
    "https://deno.land/x/imagemagick_deno@0.0.26/src/magick-image-collection.ts": "aac08ac15396d6d371753989890125cd36d1e9c30e7676de1c2f08fdbe5d581a",
    "https://deno.land/x/imagemagick_deno@0.0.26/src/magick-image.ts": "57846cd9f4a9a7b0580b44af2fd9231485b4e019c7ed1165ded4b89c846f0950",
    "https://deno.land/x/imagemagick_deno@0.0.26/src/magick.ts": "1fd977495964df2b62aee25fce80f26c8964298375b0d6d30fcdf01266cf5289",
    "https://deno.land/x/imagemagick_deno@0.0.26/src/morphology-method.ts": "0f35a6165588d01764900aaa80b8087c5af3f42af6d4dcbeaea9d03f28826e9c",
    "https://deno.land/x/imagemagick_deno@0.0.26/src/native-instance.ts": "791c1dc7459d0daf53fd385d255edb9d84869edc2943cd1ff3b4b7c34aeeffb0",
    "https://deno.land/x/imagemagick_deno@0.0.26/src/orientation-type.ts": "a5c48feec25d432e5c3ad3ed76c929a7960836d3ab1012525c0f7883e4f46c30",
    "https://deno.land/x/imagemagick_deno@0.0.26/src/paint-method.ts": "0178827b90549bf587e8ae9e2757cb96607b1fffa5c05d0534a8de136a346d29",
    "https://deno.land/x/imagemagick_deno@0.0.26/src/percentage.ts": "00240337512949c97e407b006cdd025af5fc6db600adce9ca6193ab61e326291",
    "https://deno.land/x/imagemagick_deno@0.0.26/src/pixel-channel.ts": "1a6943107a0c9b73757b08b4e41bd72227fec2dbb29f7fe5871257abcf541fa1",
    "https://deno.land/x/imagemagick_deno@0.0.26/src/pixel-intensity-method.ts": "878744cbe8c1eb6198406a7a4c0655ecf3f0d1ae81b287b4b2bec031d22c7c07",
    "https://deno.land/x/imagemagick_deno@0.0.26/src/pixel-interpolate-method.ts": "d2c62675acb5d8fffca3e2c91c9a35bfebec62f2424268e5e240f9f17f57d356",
    "https://deno.land/x/imagemagick_deno@0.0.26/src/pixels/pixel-collection.ts": "e44aa8ebff8635d3959a20ffa9a545ce5df2dc2a8806f6b0d1d0092e185577f7",
    "https://deno.land/x/imagemagick_deno@0.0.26/src/point.ts": "f664938d0f39eadd41fe5eb8ca81c52b59a7f7138539afea3ddc863d25a4a935",
    "https://deno.land/x/imagemagick_deno@0.0.26/src/primary-info.ts": "87d9588a4ba37d0399e5c80fa7cbd602ed86ee544f6aeeab2f6bbe1ac366acef",
    "https://deno.land/x/imagemagick_deno@0.0.26/src/profiles/image-profile.ts": "ea1bb6406430a03cf9263a40260fcd8f99bcc14fa3629206fcbcd2679c94b4a2",
    "https://deno.land/x/imagemagick_deno@0.0.26/src/quantum.ts": "7e92f9cf73fc6ec89df48ab4c462339fad580f0b6a1e1009d3c5a5cb599dc3ed",
    "https://deno.land/x/imagemagick_deno@0.0.26/src/settings/distort-settings.ts": "cdb352260b90a140191c222bafde0740114062822400bdf89709bef1c2f40563",
    "https://deno.land/x/imagemagick_deno@0.0.26/src/settings/drawing-settings.ts": "c5191eff30944c7a6047dfdd4d6a6714cbd3e0154c4942bb53bfa25acc3399b2",
    "https://deno.land/x/imagemagick_deno@0.0.26/src/settings/magick-read-settings.ts": "d5e83efd74ff563146c5c074cefeead82e07763c0e75d271c6f1ba9f1fca3b63",
    "https://deno.land/x/imagemagick_deno@0.0.26/src/settings/magick-settings.ts": "257b5e8991df4e1daf363097c27fb0249e7d22516d1d935f7dd0407351c26c8c",
    "https://deno.land/x/imagemagick_deno@0.0.26/src/settings/montage-settings.ts": "db5dc688e2165b1a5501b6f2175c0453f9a1c435c6d1d20be657ddf26af2bb14",
    "https://deno.land/x/imagemagick_deno@0.0.26/src/settings/morphology-settings.ts": "ca9dae2ac683a815d372ae144cdda5433540bd009affeb760cd34b394ff782dc",
    "https://deno.land/x/imagemagick_deno@0.0.26/src/settings/native-drawing-settings.ts": "a69579abe2600a8ae13484f0abee16ec17d4c31213e95fe0fb9b581ee434af64",
    "https://deno.land/x/imagemagick_deno@0.0.26/src/settings/native-magick-settings.ts": "fa0b0f6721ef96a71e4a0ceea987649f681c1e9cf6f1a2bdea5acb8388e6a6a7",
    "https://deno.land/x/imagemagick_deno@0.0.26/src/settings/native-montage-settings.ts": "5b0c810053730ba63a6603fe4109c09ce02d3dd9f5a04ba1070094cb69a92433",
    "https://deno.land/x/imagemagick_deno@0.0.26/src/statistics.ts": "a9122f555b565d9869dcc9070d77febc54f2e12324932c6b8619e1a94b599885",
    "https://deno.land/x/imagemagick_deno@0.0.26/src/text-alignment.ts": "c4ba89bb5bafa88a19fb57cb0241d24670a5c3a22d186a934764614a59b665b6",
    "https://deno.land/x/imagemagick_deno@0.0.26/src/text-decoration.ts": "89bdd053d74685d1c727a696527089c45af3ce9bff3c058673b63e02612e36c3",
    "https://deno.land/x/imagemagick_deno@0.0.26/src/virtual-pixel-method.ts": "ae2f0520e05b382299e4d41f4d7e2c67baf727ef7c816037e601c978948b1451",
    "https://deno.land/x/imagemagick_deno@0.0.26/src/wasm/magick.ts": "b5ec7d6c3c7379f8f9ba0c23238f7024aa35f3a15edb2d1cbca4ccc44a186ac9",
    "https://deno.land/x/imagemagick_deno@0.0.26/src/wasm/magick_native.js": "ce63e9894f66443624d09f8d9524d3c985e4174d6848b0e0c77a09d5d5b4759e",
    "https://deno.land/x/imagemagick_deno@0.0.27/mod.ts": "9f52f0019c8821d2750cf4fe878945880adfbcc4fa74d6b66fe597a05c9b6567",
    "https://deno.land/x/imagemagick_deno@0.0.27/src/alpha-option.ts": "749a9f3309e491ec09a1d6bc50ce95d9733887d9f57c6863c4ff1c7e9610227b",
    "https://deno.land/x/imagemagick_deno@0.0.27/src/auto-threshold-method.ts": "bb08a00046137e441930e56190b6db10c5fe657cb0a6142cd565a40b1c4250a2",
    "https://deno.land/x/imagemagick_deno@0.0.27/src/byte-array.ts": "bb00cd720dcea06b0d41a500a02e6ad6ace6d4e6fcab06dc943b85bfe0773493",
    "https://deno.land/x/imagemagick_deno@0.0.27/src/channel-statistics.ts": "503871a48800436cbd02baee45f5e55aa7a0d95c3cd36e1111cf36dda946f43c",
    "https://deno.land/x/imagemagick_deno@0.0.27/src/channels.ts": "03e46f10df374d002cc39d10a6bc93c68deb4e1158bef1107234e10a192b05c7",
    "https://deno.land/x/imagemagick_deno@0.0.27/src/chromaticity-info.ts": "192bbfff68cafe77ec5b6439e67f00a96d292e1bd4f482e29f2a32e519121fb1",
    "https://deno.land/x/imagemagick_deno@0.0.27/src/class-type.ts": "11970b07ecdd97798ea9ff45b080e77f6711595cef73c678e0393e21c765de05",
    "https://deno.land/x/imagemagick_deno@0.0.27/src/color-space.ts": "3d9a60f3a8bfefea8d9525572d7bd6214530c69688e8799dceb492b7797d1d0a",
    "https://deno.land/x/imagemagick_deno@0.0.27/src/color-type.ts": "d6a588272044ad171bfd98ea13fb510fce19b8afc4cafdbaadc2a562fbcc380e",
    "https://deno.land/x/imagemagick_deno@0.0.27/src/composite-operator.ts": "f4b5046415c5965d53b17a9e441a42d87e8477b7c158704abd417d6ac10f3ea0",
    "https://deno.land/x/imagemagick_deno@0.0.27/src/compression-method.ts": "5bb7b8884eadcd91e6ad6016d1a644bdb5022020cdc58df1be3d38f742054ae1",
    "https://deno.land/x/imagemagick_deno@0.0.27/src/defines/define.ts": "645fb3a06424ed750250212ac8762ba2ea97c4e4fdbda8aedf21734cbaf4833c",
    "https://deno.land/x/imagemagick_deno@0.0.27/src/defines/defines-creator.ts": "876b7215bb6523cee562bcdf95cdd20cce33dd118db9f61d3d9e6305d5cfa631",
    "https://deno.land/x/imagemagick_deno@0.0.27/src/defines/defines.ts": "fc8e12475e11a30f9f6f9c2b5e2fba94b01d65135654b97694da915d40fae2fe",
    "https://deno.land/x/imagemagick_deno@0.0.27/src/defines/magick-define.ts": "07e9e7fab4ea23f06f584163a99e0007ac1d1f3379ab4a872f1ddd555dd8ddd1",
    "https://deno.land/x/imagemagick_deno@0.0.27/src/density-unit.ts": "4e5a451dde11303aaf99f7f5f9c1409f2d5399e0678a4ab589a33e9757d04491",
    "https://deno.land/x/imagemagick_deno@0.0.27/src/density.ts": "b12b953f53900a2182563963fc08074453fb7bff387c06a7e04a8b26045be91e",
    "https://deno.land/x/imagemagick_deno@0.0.27/src/disposable.ts": "4e30ceedea5c7829153ded68929cc206a303be220a560bb27319b607ee68c4a7",
    "https://deno.land/x/imagemagick_deno@0.0.27/src/distort-method.ts": "13819e00ccb6a636af9ece5d11dfce9451e578d46c94e1f528b0ae5da7721985",
    "https://deno.land/x/imagemagick_deno@0.0.27/src/drawables/drawable-color.ts": "fe3785761844f09a2c8bfda1821580c18706d986b1e7619dd984db6d33f3093a",
    "https://deno.land/x/imagemagick_deno@0.0.27/src/drawables/drawable-fill-color.ts": "566325e1b1eee1e4d74a97c7f0cfbd5cc1c3dbab9a39e8820b3e2555280fe633",
    "https://deno.land/x/imagemagick_deno@0.0.27/src/drawables/drawable-fill-opacity.ts": "a8bfce5d256ed1f296b4e57ae49035dad0baadec57b7ee68731494530b5df816",
    "https://deno.land/x/imagemagick_deno@0.0.27/src/drawables/drawable-font-point-size.ts": "ca4f41670186b13c1195eef74764af1ea00592b9faad5970d7867b3cb47630c3",
    "https://deno.land/x/imagemagick_deno@0.0.27/src/drawables/drawable-font.ts": "6a332ab99030ffe9fffd83704ba3e655649e48f026ef78dfb04d0bb1f99416bf",
    "https://deno.land/x/imagemagick_deno@0.0.27/src/drawables/drawable-gravity.ts": "184729aecc6d700a81eec2b8157b27b77f28c4188eb0f0337446b933e3857dbe",
    "https://deno.land/x/imagemagick_deno@0.0.27/src/drawables/drawable-rectangle.ts": "c6b1bb4b81a7e66e59a9338d45816a8471d951a6583567df68b31d3fde5ae6e0",
    "https://deno.land/x/imagemagick_deno@0.0.27/src/drawables/drawable-round-rectangle.ts": "7cd7e90d6d5902abee81061c7ce5919a50ef340d67d984f1ab5eb15ba22683c8",
    "https://deno.land/x/imagemagick_deno@0.0.27/src/drawables/drawable-text-alignment.ts": "e657d2b012966f653b13890f4cdcb54e2b9d3c28dd78f40205e02ffc4b4942cf",
    "https://deno.land/x/imagemagick_deno@0.0.27/src/drawables/drawable-text-antialias.ts": "f3f3ab526c2b06968b7f16bd9a705f2163ee4c022074fb763ec269218c2f773c",
    "https://deno.land/x/imagemagick_deno@0.0.27/src/drawables/drawable-text-decoration.ts": "d6676422074bde0c86c5a2787822d8475936b56da4c02bd47eb10044d48f29bd",
    "https://deno.land/x/imagemagick_deno@0.0.27/src/drawables/drawable-text-interline-spacing.ts": "8ae3cc5892c605a3ee7ae91d1c41c8f90a7c0d8c7a7e5ec50746047971cd0fda",
    "https://deno.land/x/imagemagick_deno@0.0.27/src/drawables/drawable-text-interword-spacing.ts": "a5b5b5d2081e87552e1b45b2fc734da7885a71a006bd69d8b7f08ed569a37788",
    "https://deno.land/x/imagemagick_deno@0.0.27/src/drawables/drawable-text-kerning.ts": "fb719d6a9ce610a859f43d63eada784510f8e71ace6d57a6ccd43cf504c71103",
    "https://deno.land/x/imagemagick_deno@0.0.27/src/drawables/drawable-text-under-color.ts": "21a7690993e86c22450cda3334092c12ba34dada09817745ea2e685aebb1b1a9",
    "https://deno.land/x/imagemagick_deno@0.0.27/src/drawables/drawable-text.ts": "f13d014b6f8b06e666b701b3860864711d0a0f942c1a30940af939705e72e5ce",
    "https://deno.land/x/imagemagick_deno@0.0.27/src/drawables/drawable.ts": "61b40233ea3c28664c2f8dfd8d794772d8a7a779f4228060efd41b0d44762521",
    "https://deno.land/x/imagemagick_deno@0.0.27/src/drawables/drawing-wand.ts": "fa759f55b7a676deb8c0f9af61a074493eaed86bf527ce0a1b7637229f9dc482",
    "https://deno.land/x/imagemagick_deno@0.0.27/src/endian.ts": "5c36e4c104dd79760a96d1a7e759fbb04907b40d4cbfd30a25d3ef25bf7f63ed",
    "https://deno.land/x/imagemagick_deno@0.0.27/src/error-metric.ts": "fafe44d95312b0e9dd6e5d6d3efd536764468a4b80e3dc3d7d7efc33a40fb871",
    "https://deno.land/x/imagemagick_deno@0.0.27/src/evaluate-operator.ts": "c05d51cb193d95ce0432dee914465cbafc35026ea1102cc48f431571bfb67260",
    "https://deno.land/x/imagemagick_deno@0.0.27/src/filter-type.ts": "face0109ae9e56125b778a8842384031d6e0bd688dfcf96c0861f2fd8bb27225",
    "https://deno.land/x/imagemagick_deno@0.0.27/src/formats/dng/dng-output-color.ts": "13533caccea31a8e6cd960df47c1b608f89a786d51e9c4b3b869ca40eb01c5a8",
    "https://deno.land/x/imagemagick_deno@0.0.27/src/formats/dng/dng-read-defines.ts": "73d3fdc79c0f37ea3b2681f4e159cd927c25cb0801cc43905a4331171062f6c8",
    "https://deno.land/x/imagemagick_deno@0.0.27/src/gif-dispose-method.ts": "841f730e6c282d81296111c32208614adb9c96cd700c76df4eae71140458f9d5",
    "https://deno.land/x/imagemagick_deno@0.0.27/src/gravity.ts": "ed99d33e3775c510c0a29fb330ca5ac9445e41dd3644507186c25cc32eb8634a",
    "https://deno.land/x/imagemagick_deno@0.0.27/src/image-magick.ts": "a86eda53f0d5a9054883b63fe48957d01a385eda57370e3dc080a7cc5f127e70",
    "https://deno.land/x/imagemagick_deno@0.0.27/src/index.ts": "659f1e0c9efa82d49f8bc53d610968e065bec4223538d92e9c55c5e4157dbd96",
    "https://deno.land/x/imagemagick_deno@0.0.27/src/interlace.ts": "7b75a93d79311bcb5fe6d749f91d2bf122f2443a771dff721c11756e823dc445",
    "https://deno.land/x/imagemagick_deno@0.0.27/src/internal/disposable-array.ts": "048f80ffee94ccb37437961e7bcaa57ee0b0bd95a64423257010a8eeb18e9fae",
    "https://deno.land/x/imagemagick_deno@0.0.27/src/internal/disposable.ts": "4c492c40df42590cd3400f415054ea942311918b8f4cdd90a8e00fcadd9a76d8",
    "https://deno.land/x/imagemagick_deno@0.0.27/src/internal/exception/exception.ts": "2c1e1d5f6df4fcaef50403ed18f5ebdf560a5e764944d569db406e97f76f2aae",
    "https://deno.land/x/imagemagick_deno@0.0.27/src/internal/geometry-flags.ts": "56bbc3f668db2e67f607cd1c08e07f51ded80a8c402efb0b6cd4ad98d0f69d19",
    "https://deno.land/x/imagemagick_deno@0.0.27/src/internal/magick-rectangle.ts": "ffffcd9ebffe20f871396af22c9f5acb332b5d503a5b21200a94e1e61e4e68b3",
    "https://deno.land/x/imagemagick_deno@0.0.27/src/internal/native/array.ts": "99fa112bde643aceda481db90be21d6264c23074cf77ad4a7fee41208ba75dcd",
    "https://deno.land/x/imagemagick_deno@0.0.27/src/internal/native/string.ts": "a8edad35a243f76ef98cf387580bbf771790d1b1d8299d77ea1731aa75c2c158",
    "https://deno.land/x/imagemagick_deno@0.0.27/src/internal/pointer/pointer.ts": "821ad62e6664c9e7dbe8c9d1d1f79ff4d3a76b6cf64d1a2ed943f03516fb2e8a",
    "https://deno.land/x/imagemagick_deno@0.0.27/src/internal/string-info.ts": "6121081f0382fdfe259bb6c95655b1626cc68af778ad91af437daa8c55965575",
    "https://deno.land/x/imagemagick_deno@0.0.27/src/kernel.ts": "57b8eead1ed75b953332d6d101c776f50f17d60f70c79c93768e664cd5bbc4a7",
    "https://deno.land/x/imagemagick_deno@0.0.27/src/log-event-types.ts": "91dba33b2a47dff56489d76791002a453c8387ccd2bdfba58a845f1f61fb22da",
    "https://deno.land/x/imagemagick_deno@0.0.27/src/log-event.ts": "e365ae40d58d7c1e2d7611aa4e63d0478fb80b4ac233a844235ab3cc42a92ddc",
    "https://deno.land/x/imagemagick_deno@0.0.27/src/magick-color.ts": "6e849e94f3183d86f44d55f4646af394d0d3573fbce8b26b6d6bfbda03dcaf5c",
    "https://deno.land/x/imagemagick_deno@0.0.27/src/magick-colors.ts": "c3a4cdbbca0ebce9386ae71f835118847d8770573efcb63a35c54242aa156f90",
    "https://deno.land/x/imagemagick_deno@0.0.27/src/magick-error-severity.ts": "160e5f07bad67542c9c95a8ec61e70f294333bf7f3c463419dc4fadfacdbdbf6",
    "https://deno.land/x/imagemagick_deno@0.0.27/src/magick-error.ts": "5a515e203373ef48903bda51635e04f232bf3144eaee48c66d65df1e705346d4",
    "https://deno.land/x/imagemagick_deno@0.0.27/src/magick-format-info.ts": "8c3ae6ca748d18ae69e33756d2cf64219971350a856407861a0bf7bc119909a6",
    "https://deno.land/x/imagemagick_deno@0.0.27/src/magick-format.ts": "4d7d5ad6ba825c17a75f964ba5d4ca142b9642e66ddf9adb9a0e71bf93ff89d9",
    "https://deno.land/x/imagemagick_deno@0.0.27/src/magick-geometry.ts": "2ce766f7d4338484fed3fd9b25d4ec1ccd77f89d299db8391e048f77708f8245",
    "https://deno.land/x/imagemagick_deno@0.0.27/src/magick-image-collection.ts": "aac08ac15396d6d371753989890125cd36d1e9c30e7676de1c2f08fdbe5d581a",
    "https://deno.land/x/imagemagick_deno@0.0.27/src/magick-image.ts": "57846cd9f4a9a7b0580b44af2fd9231485b4e019c7ed1165ded4b89c846f0950",
    "https://deno.land/x/imagemagick_deno@0.0.27/src/magick.ts": "1fd977495964df2b62aee25fce80f26c8964298375b0d6d30fcdf01266cf5289",
    "https://deno.land/x/imagemagick_deno@0.0.27/src/morphology-method.ts": "0f35a6165588d01764900aaa80b8087c5af3f42af6d4dcbeaea9d03f28826e9c",
    "https://deno.land/x/imagemagick_deno@0.0.27/src/native-instance.ts": "791c1dc7459d0daf53fd385d255edb9d84869edc2943cd1ff3b4b7c34aeeffb0",
    "https://deno.land/x/imagemagick_deno@0.0.27/src/orientation-type.ts": "a5c48feec25d432e5c3ad3ed76c929a7960836d3ab1012525c0f7883e4f46c30",
    "https://deno.land/x/imagemagick_deno@0.0.27/src/paint-method.ts": "0178827b90549bf587e8ae9e2757cb96607b1fffa5c05d0534a8de136a346d29",
    "https://deno.land/x/imagemagick_deno@0.0.27/src/percentage.ts": "00240337512949c97e407b006cdd025af5fc6db600adce9ca6193ab61e326291",
    "https://deno.land/x/imagemagick_deno@0.0.27/src/pixel-channel.ts": "1a6943107a0c9b73757b08b4e41bd72227fec2dbb29f7fe5871257abcf541fa1",
    "https://deno.land/x/imagemagick_deno@0.0.27/src/pixel-intensity-method.ts": "878744cbe8c1eb6198406a7a4c0655ecf3f0d1ae81b287b4b2bec031d22c7c07",
    "https://deno.land/x/imagemagick_deno@0.0.27/src/pixel-interpolate-method.ts": "d2c62675acb5d8fffca3e2c91c9a35bfebec62f2424268e5e240f9f17f57d356",
    "https://deno.land/x/imagemagick_deno@0.0.27/src/pixels/pixel-collection.ts": "e44aa8ebff8635d3959a20ffa9a545ce5df2dc2a8806f6b0d1d0092e185577f7",
    "https://deno.land/x/imagemagick_deno@0.0.27/src/point.ts": "f664938d0f39eadd41fe5eb8ca81c52b59a7f7138539afea3ddc863d25a4a935",
    "https://deno.land/x/imagemagick_deno@0.0.27/src/primary-info.ts": "87d9588a4ba37d0399e5c80fa7cbd602ed86ee544f6aeeab2f6bbe1ac366acef",
    "https://deno.land/x/imagemagick_deno@0.0.27/src/profiles/image-profile.ts": "ea1bb6406430a03cf9263a40260fcd8f99bcc14fa3629206fcbcd2679c94b4a2",
    "https://deno.land/x/imagemagick_deno@0.0.27/src/quantum.ts": "7e92f9cf73fc6ec89df48ab4c462339fad580f0b6a1e1009d3c5a5cb599dc3ed",
    "https://deno.land/x/imagemagick_deno@0.0.27/src/settings/distort-settings.ts": "cdb352260b90a140191c222bafde0740114062822400bdf89709bef1c2f40563",
    "https://deno.land/x/imagemagick_deno@0.0.27/src/settings/drawing-settings.ts": "c5191eff30944c7a6047dfdd4d6a6714cbd3e0154c4942bb53bfa25acc3399b2",
    "https://deno.land/x/imagemagick_deno@0.0.27/src/settings/magick-read-settings.ts": "d5e83efd74ff563146c5c074cefeead82e07763c0e75d271c6f1ba9f1fca3b63",
    "https://deno.land/x/imagemagick_deno@0.0.27/src/settings/magick-settings.ts": "257b5e8991df4e1daf363097c27fb0249e7d22516d1d935f7dd0407351c26c8c",
    "https://deno.land/x/imagemagick_deno@0.0.27/src/settings/montage-settings.ts": "db5dc688e2165b1a5501b6f2175c0453f9a1c435c6d1d20be657ddf26af2bb14",
    "https://deno.land/x/imagemagick_deno@0.0.27/src/settings/morphology-settings.ts": "ca9dae2ac683a815d372ae144cdda5433540bd009affeb760cd34b394ff782dc",
    "https://deno.land/x/imagemagick_deno@0.0.27/src/settings/native-drawing-settings.ts": "a69579abe2600a8ae13484f0abee16ec17d4c31213e95fe0fb9b581ee434af64",
    "https://deno.land/x/imagemagick_deno@0.0.27/src/settings/native-magick-settings.ts": "fa0b0f6721ef96a71e4a0ceea987649f681c1e9cf6f1a2bdea5acb8388e6a6a7",
    "https://deno.land/x/imagemagick_deno@0.0.27/src/settings/native-montage-settings.ts": "5b0c810053730ba63a6603fe4109c09ce02d3dd9f5a04ba1070094cb69a92433",
    "https://deno.land/x/imagemagick_deno@0.0.27/src/statistics.ts": "a9122f555b565d9869dcc9070d77febc54f2e12324932c6b8619e1a94b599885",
    "https://deno.land/x/imagemagick_deno@0.0.27/src/text-alignment.ts": "c4ba89bb5bafa88a19fb57cb0241d24670a5c3a22d186a934764614a59b665b6",
    "https://deno.land/x/imagemagick_deno@0.0.27/src/text-decoration.ts": "89bdd053d74685d1c727a696527089c45af3ce9bff3c058673b63e02612e36c3",
    "https://deno.land/x/imagemagick_deno@0.0.27/src/virtual-pixel-method.ts": "ae2f0520e05b382299e4d41f4d7e2c67baf727ef7c816037e601c978948b1451",
    "https://deno.land/x/imagemagick_deno@0.0.27/src/wasm/magick.ts": "b5ec7d6c3c7379f8f9ba0c23238f7024aa35f3a15edb2d1cbca4ccc44a186ac9",
    "https://deno.land/x/imagemagick_deno@0.0.27/src/wasm/magick_native.js": "ce63e9894f66443624d09f8d9524d3c985e4174d6848b0e0c77a09d5d5b4759e",
    "https://deno.land/x/is_url@v1.0.1/isURL.ts": "26c7c013d843bf6c3b22dace7d9afc7c1604cfca611dded60b566c670bcc3019",
    "https://deno.land/x/is_url@v1.0.1/mod.ts": "83693b1db6f71cc6a6147eb040a4b0226282da91720d252bfd68a9ebef0f8217",
    "https://deno.land/x/tinify@v1.0.0/mod.ts": "5b3e4fd38fb07d11ac712fb94a3b1cc9459b6d5e0a211ec0ef2e476c44fedc5c",
    "https://deno.land/x/tinify@v1.0.0/tinifyCompressor.ts": "7ce83ff363bba6787b5d19c627bfc4c304c2486260a9f2b4cb4b1bff0c06b7c7",
    "https://esm.sh/github-slugger@2.0.0?pin=v135": "77bdab3e2528daadc9b63f7c9615e85d4630a3e174aa94f48d207f3fd71d02c9",
    "https://esm.sh/he@1.2.0?pin=v135": "388a449d0b163506f1a5ed1b9fe178c29433c9a3af5b2465c92ec4adb0f35792",
    "https://esm.sh/katex@0.16.9?pin=v135": "8f08d265028ee6f2fb3ddde2e9930cfb0b744825c6294a61cf0f574f7e49bc95",
    "https://esm.sh/marked-alert@2.0.1?pin=v135": "132030351f87a7e1ff04a68cb49f933d541cde32544b6e3e4078154bca73190a",
    "https://esm.sh/marked-footnote@1.2.2?pin=v135": "696b31a30cf4f4df4e89feaf5753ec689fc29cbdb7805a49be24e3227d0b4861",
    "https://esm.sh/marked-gfm-heading-id@3.1.2?pin=v135": "563c02466efae1bbd92caab27f4baec984eca9e2388ff1e2c29d106238a10f69",
    "https://esm.sh/marked@11.1.1?pin=v135": "0def53dec950316c7ed501cc19d1d4e497142cde69bb912864d3d8ea0cef0835",
    "https://esm.sh/prismjs@1.29.0?pin=v135": "67e956514925401c964a7fc1205258ac2203cbd2aa246f55be11a3109fe9b6b9",
    "https://esm.sh/sanitize-html@2.11.0?target=esnext&pin=v135": "a72336486d639e0f43e0e4eaefa7c27ec9fe790855c722ed899fa1f28cde0c79",
    "https://esm.sh/v135/base64-js@1.5.1/esnext/base64-js.mjs": "349361f227d34ff80b673a7741ea0b509dbb6c9c89d650b86a0b55705e25c8dc",
    "https://esm.sh/v135/buffer@6.0.3/esnext/buffer.mjs": "f6de86b04b58a64f82d591b05fff1626ed7c8f4a9c7726c274c96abef31326c3",
    "https://esm.sh/v135/deepmerge@4.3.1/esnext/deepmerge.mjs": "426fb4ada3c99ddd720d7c28ce216d8fcb47543e3d64ead96d97b1103cc16487",
    "https://esm.sh/v135/dom-serializer@2.0.0/esnext/dom-serializer.mjs": "87460f6bde59cb3823912201b076223e5ab690c1075d071904567de591310bec",
    "https://esm.sh/v135/domelementtype@2.3.0/esnext/domelementtype.mjs": "1e4dd3222620668a50040012a6b0d1582e89e7a570826a079a11226a7929e20c",
    "https://esm.sh/v135/domhandler@5.0.3/esnext/domhandler.mjs": "2d7650d664ec100d1403cf0bb73bdcc46a2d099038ed62770c6094d7a76f6599",
    "https://esm.sh/v135/domutils@3.1.0/esnext/domutils.mjs": "c15ae7f1abe07e4b373c3078fe357db7be01d158c0a5e3a1d697914b5e42d01a",
    "https://esm.sh/v135/entities@4.5.0/esnext/entities.mjs": "d0527287d7e369214aca377e8848635d4d7709ccb80b13c16c86e6f44038cd1d",
    "https://esm.sh/v135/entities@4.5.0/esnext/lib/decode.js": "a94034fcf3b2ec6828ed2911b2f42bdeeab26f38ecc759fb1881e440c6c54b92",
    "https://esm.sh/v135/entities@4.5.0/esnext/lib/escape.js": "e966e5cd345e447920c1cb304fc34b56d24ce6fe9f031bfb55fe350b93baf58f",
    "https://esm.sh/v135/escape-string-regexp@4.0.0/esnext/escape-string-regexp.mjs": "7f00803b40f74aee2522808c0cf76057a715636dd84f4f679731b0e935cd3a56",
    "https://esm.sh/v135/github-slugger@2.0.0/denonext/github-slugger.mjs": "42ff6fe7ba4f63d8a048970e5a32cd5b0348905dde3f9e270d90e44a6e7635ae",
    "https://esm.sh/v135/he@1.2.0/denonext/he.mjs": "1ffb3a2e1892578e01267fda4b32f30dd0b4b3be7393fe239b0ea30cf1d654c7",
    "https://esm.sh/v135/htmlparser2@8.0.2/esnext/htmlparser2.mjs": "62c0657327db8a639c850b4ebdc24bb051e33d4c2fa97d87a3d542b57fbe7565",
    "https://esm.sh/v135/ieee754@1.2.1/esnext/ieee754.mjs": "697af7a0508eafc364c7ff778310afdc7e7d7187c15f5f3a3295b541785af5b4",
    "https://esm.sh/v135/is-plain-object@5.0.0/esnext/is-plain-object.mjs": "d990fb0c3e251072728088888873225a35995aedff2e3b443b5e3c33efe1be3b",
    "https://esm.sh/v135/katex@0.16.9/denonext/katex.mjs": "75be3261500b25dca3df7a2dbcd2454fe9924242f2ad348fb5f875643e39c186",
    "https://esm.sh/v135/marked-alert@2.0.1/denonext/marked-alert.mjs": "495a5cf6ed5431e3f3776a5f262e563f281dd44142b6df488f6858944c62736a",
    "https://esm.sh/v135/marked-footnote@1.2.2/denonext/marked-footnote.mjs": "9e800d0aece546ee8b1cc4c3fca995bf53eeeb7522100367846dd1c76894c73b",
    "https://esm.sh/v135/marked-gfm-heading-id@3.1.2/denonext/marked-gfm-heading-id.mjs": "8c893a1b69455065fab677237dc1ff6ad3e3d4836bfa17119f3fc0a74d9c08d9",
    "https://esm.sh/v135/marked@11.1.1/denonext/marked.mjs": "08b10c56783c83aa074cb9021742a832d2f2f52932b840b28e89e3bf21cd2d9e",
    "https://esm.sh/v135/nanoid@3.3.7/esnext/non-secure.js": "2a517102048d17d3d109b3dce2039de23da294f01a07f556cb5f9d1f7f2e90ab",
    "https://esm.sh/v135/node_events.js": "b1b65598db01a0621f65bf86948381344943c6b53828c470be4caa678d5fcfd5",
    "https://esm.sh/v135/node_process.js": "13a1bd2438678b509dd68a0006c11c50c77451c9bcdeaa25c6602236ffce247c",
    "https://esm.sh/v135/parse-srcset@1.0.2/esnext/parse-srcset.mjs": "99266fb819ffab3c5419aab0beeafbfb6e8572dac0bb33ad9a47da77af0a8224",
    "https://esm.sh/v135/picocolors@1.0.0/esnext/picocolors.mjs": "df13f83b999dcfb6c81373ff205b7ce912b8518d833754ca3b312f764d4500fb",
    "https://esm.sh/v135/postcss@8.4.31/esnext/lib/at-rule.js": "e702166ee18804e9bd62b759f3a7a9a86c4b1a6fc631673224a5999a8dbe06c5",
    "https://esm.sh/v135/postcss@8.4.31/esnext/lib/comment.js": "8dc113701c12abaf3c19eff71db56615c025cfb3b6471e1e1e5ecf4fa4f4efc3",
    "https://esm.sh/v135/postcss@8.4.31/esnext/lib/container.js": "4f418be987d4bfcd371c5fca90cd1825e8023d63e048d97fd2934d9640856e94",
    "https://esm.sh/v135/postcss@8.4.31/esnext/lib/css-syntax-error.js": "40ff558b7f587ea0b95fae2c9de8475f2aefdaad6a12ada431cc54f30e6a894d",
    "https://esm.sh/v135/postcss@8.4.31/esnext/lib/declaration.js": "e8cdf0a32fd20efb8e861af94e93e1db486b10e7286f3846254afaa6d22e3b88",
    "https://esm.sh/v135/postcss@8.4.31/esnext/lib/fromJSON.js": "4dcd4a139afe62557603bbdd18a1d2e095fc9666bc7360d727fc2a7a071063c0",
    "https://esm.sh/v135/postcss@8.4.31/esnext/lib/input.js": "58aaa6e20c4a190cd9c4ffac81f6b6dbf1d741f9331fd9902d1201217864afd5",
    "https://esm.sh/v135/postcss@8.4.31/esnext/lib/lazy-result.js": "c9fb1952c008874d2481667e323a39714deed25ca21ddef21673ca939e559570",
    "https://esm.sh/v135/postcss@8.4.31/esnext/lib/list.js": "1d1b05a9f00939b9583ca397d902ef037664575ad89672088da7962ea560325f",
    "https://esm.sh/v135/postcss@8.4.31/esnext/lib/map-generator.js": "37167897b8087e28f3d925975f80cda11925dddb5655441d3a4279b708c572cb",
    "https://esm.sh/v135/postcss@8.4.31/esnext/lib/no-work-result.js": "7b1f81dd361508956c312ccf997c976cab701d078f25ed7f044e3a62f972d5f4",
    "https://esm.sh/v135/postcss@8.4.31/esnext/lib/node.js": "4159107687c6db6a38e3593e4471c3ba42600c91e36a628d8d358952de17cd85",
    "https://esm.sh/v135/postcss@8.4.31/esnext/lib/parse.js": "b0d264edc9d551aefae5d557596b79dff542f6ebbf153399c63bdce320ad9f12",
    "https://esm.sh/v135/postcss@8.4.31/esnext/lib/parser.js": "fddee130ffd25dea8c4482802bde01fbeffea721dc395b04d9afb1672c47aea4",
    "https://esm.sh/v135/postcss@8.4.31/esnext/lib/postcss.js": "a05f0614b6ddbab8f297ed52b1d8d17c28e3d317da3820bd82330b91d31ccc48",
    "https://esm.sh/v135/postcss@8.4.31/esnext/lib/previous-map.js": "6001fc984c1449e26cc301e68692b858a078aca5fec8f752dfe8cd00c8833826",
    "https://esm.sh/v135/postcss@8.4.31/esnext/lib/processor.js": "9396b1172fd44656d570311d6865a3ce583db7d2f3a70bb6608484775014388d",
    "https://esm.sh/v135/postcss@8.4.31/esnext/lib/result.js": "2c1fcdff5bd174e6185d010f16c1921f4dd472850db3c6a389fcdd9a480dc38e",
    "https://esm.sh/v135/postcss@8.4.31/esnext/lib/root.js": "c039cd288f6aedeaae78d34e6d3d13ffe21a438e585400f5ca2c350d541a08e7",
    "https://esm.sh/v135/postcss@8.4.31/esnext/lib/rule.js": "99897094d2d82a7aacf9b6592bf4890d3cea6087b69962352277ac95da78c0f6",
    "https://esm.sh/v135/postcss@8.4.31/esnext/lib/stringifier.js": "0d1b43be645df02eae529916804b8d66bf228d934645abd29332ce285bd1357e",
    "https://esm.sh/v135/postcss@8.4.31/esnext/lib/stringify.js": "662747f477de3c4497aaf3f56924ba770331c99da88021f5e66abed26e3f432a",
    "https://esm.sh/v135/postcss@8.4.31/esnext/lib/symbols.js": "8999c66edca3d444e5b70feefd29a45656b9a768125e7249611dfd1aa417c976",
    "https://esm.sh/v135/postcss@8.4.31/esnext/lib/tokenize.js": "2bd5aa03743e074002d642d87f8571582e06bf9cbd0dfa2aea0cfb0573b7a0a7",
    "https://esm.sh/v135/postcss@8.4.31/esnext/lib/warn-once.js": "857c178c21bdf4b441a9b2ba0612e3ad0e26bf18c6571cc4641817d085d1e64a",
    "https://esm.sh/v135/postcss@8.4.31/esnext/lib/warning.js": "ec2bac028c46d239e2d0de0e252bbc224a096fe89456669e021e2efc50d57c25",
    "https://esm.sh/v135/postcss@8.4.31/esnext/postcss.mjs": "21318d6ed521ffd9353a20e0775021e99d4686ebaef0350976451de4ad8013a5",
    "https://esm.sh/v135/prismjs@1.29.0/denonext/prismjs.mjs": "0ccddfab01b35eb5fd1e32ee2230809343dfec5bab2ec50039aee88c5ec1e3e7",
    "https://esm.sh/v135/sanitize-html@2.11.0/esnext/sanitize-html.mjs": "e4ebe6808f164fa3fd319571a0f9c7f179d4c9f346cbd38512394315589e2a63"
  }
}
